
Microsoft Visual Studio Solution File, Format Version 12.00
# Visual Studio Version 16
VisualStudioVersion = 16.0.32228.343
MinimumVisualStudioVersion = 10.0.40219.1
Project("{FAE04EC0-301F-11D3-BF4B-00C04F79EFBC}") = "BİLBAKALIM", "BİLBAKALIM\BİLBAKALIM.csproj", "{F4EEB31A-FD28-4AFC-98B0-7FF7A65D6045}"
EndProject
Global
	GlobalSection(SolutionConfigurationPlatforms) = preSolution
		Debug|Any CPU = Debug|Any CPU
		Release|Any CPU = Release|Any CPU
	EndGlobalSection
	GlobalSection(ProjectConfigurationPlatforms) = postSolution
		{F4EEB31A-FD28-4AFC-98B0-7FF7A65D6045}.Debug|Any CPU.ActiveCfg = Debug|Any CPU
		{F4EEB31A-FD28-4AFC-98B0-7FF7A65D6045}.Debug|Any CPU.Build.0 = Debug|Any CPU
		{F4EEB31A-FD28-4AFC-98B0-7FF7A65D6045}.Release|Any CPU.ActiveCfg = Release|Any CPU
		{F4EEB31A-FD28-4AFC-98B0-7FF7A65D6045}.Release|Any CPU.Build.0 = Release|Any CPU
	EndGlobalSection
	GlobalSection(SolutionProperties) = preSolution
		HideSolutionNode = FALSE
	EndGlobalSection
	GlobalSection(ExtensibilityGlobals) = postSolution
		SolutionGuid = {FDD3C0C0-BBE9-4C4A-8F47-4C6BF2026B58}
	EndGlobalSection
EndGlobal
